
Microsoft Visual Studio Solution File, Format Version 12.00
# Visual Studio 15
VisualStudioVersion = 15.0.27004.2005
MinimumVisualStudioVersion = 10.0.40219.1
Project("{FAE04EC0-301F-11D3-BF4B-00C04F79EFBC}") = "MonitorNetwork", "MonitorNetwork\MonitorNetwork.csproj", "{F956E132-956B-4C2F-AA45-6AFE788FB57B}"
EndProject
Project("{FAE04EC0-301F-11D3-BF4B-00C04F79EFBC}") = "MonitorNetwork.Test", "MonitorNetwork.Test\MonitorNetwork.Test.csproj", "{BF89C42D-F8E7-41B3-9D98-7D98DD59A89A}"
EndProject
Global
	GlobalSection(SolutionConfigurationPlatforms) = preSolution
		Debug|Any CPU = Debug|Any CPU
		Development|Any CPU = Development|Any CPU
		Production|Any CPU = Production|Any CPU
	EndGlobalSection
	GlobalSection(ProjectConfigurationPlatforms) = postSolution
		{F956E132-956B-4C2F-AA45-6AFE788FB57B}.Debug|Any CPU.ActiveCfg = Debug|Any CPU
		{F956E132-956B-4C2F-AA45-6AFE788FB57B}.Debug|Any CPU.Build.0 = Debug|Any CPU
		{F956E132-956B-4C2F-AA45-6AFE788FB57B}.Development|Any CPU.ActiveCfg = Development|Any CPU
		{F956E132-956B-4C2F-AA45-6AFE788FB57B}.Development|Any CPU.Build.0 = Development|Any CPU
		{F956E132-956B-4C2F-AA45-6AFE788FB57B}.Production|Any CPU.ActiveCfg = Production|Any CPU
		{F956E132-956B-4C2F-AA45-6AFE788FB57B}.Production|Any CPU.Build.0 = Production|Any CPU
		{BF89C42D-F8E7-41B3-9D98-7D98DD59A89A}.Debug|Any CPU.ActiveCfg = Debug|Any CPU
		{BF89C42D-F8E7-41B3-9D98-7D98DD59A89A}.Debug|Any CPU.Build.0 = Debug|Any CPU
		{BF89C42D-F8E7-41B3-9D98-7D98DD59A89A}.Development|Any CPU.ActiveCfg = Development|Any CPU
		{BF89C42D-F8E7-41B3-9D98-7D98DD59A89A}.Development|Any CPU.Build.0 = Development|Any CPU
		{BF89C42D-F8E7-41B3-9D98-7D98DD59A89A}.Production|Any CPU.ActiveCfg = Production|Any CPU
		{BF89C42D-F8E7-41B3-9D98-7D98DD59A89A}.Production|Any CPU.Build.0 = Production|Any CPU
	EndGlobalSection
	GlobalSection(SolutionProperties) = preSolution
		HideSolutionNode = FALSE
	EndGlobalSection
	GlobalSection(ExtensibilityGlobals) = postSolution
		SolutionGuid = {55D6F311-64E2-4BE9-8946-795C50C8B268}
	EndGlobalSection
EndGlobal
